
Microsoft Visual Studio Solution File, Format Version 12.00
# Visual Studio Version 17
VisualStudioVersion = 17.7.34031.279
MinimumVisualStudioVersion = 10.0.40219.1
Project("{FAE04EC0-301F-11D3-BF4B-00C04F79EFBC}") = "LeetCode.Questions", "LeetCode.Questions\LeetCode.Questions.csproj", "{D32AF890-8439-4953-883C-DA2D1B9F8375}"
EndProject
Project("{FAE04EC0-301F-11D3-BF4B-00C04F79EFBC}") = "LeetCode.TestSuite", "LeetCode.TestSuite\LeetCode.TestSuite.csproj", "{23F4DC2A-6640-4B44-8AAF-E2D9CD9EF9A8}"
EndProject
Global
	GlobalSection(SolutionConfigurationPlatforms) = preSolution
		Debug|Any CPU = Debug|Any CPU
		Release|Any CPU = Release|Any CPU
	EndGlobalSection
	GlobalSection(ProjectConfigurationPlatforms) = postSolution
		{D32AF890-8439-4953-883C-DA2D1B9F8375}.Debug|Any CPU.ActiveCfg = Debug|Any CPU
		{D32AF890-8439-4953-883C-DA2D1B9F8375}.Debug|Any CPU.Build.0 = Debug|Any CPU
		{D32AF890-8439-4953-883C-DA2D1B9F8375}.Release|Any CPU.ActiveCfg = Release|Any CPU
		{D32AF890-8439-4953-883C-DA2D1B9F8375}.Release|Any CPU.Build.0 = Release|Any CPU
		{23F4DC2A-6640-4B44-8AAF-E2D9CD9EF9A8}.Debug|Any CPU.ActiveCfg = Debug|Any CPU
		{23F4DC2A-6640-4B44-8AAF-E2D9CD9EF9A8}.Debug|Any CPU.Build.0 = Debug|Any CPU
		{23F4DC2A-6640-4B44-8AAF-E2D9CD9EF9A8}.Release|Any CPU.ActiveCfg = Release|Any CPU
		{23F4DC2A-6640-4B44-8AAF-E2D9CD9EF9A8}.Release|Any CPU.Build.0 = Release|Any CPU
	EndGlobalSection
	GlobalSection(SolutionProperties) = preSolution
		HideSolutionNode = FALSE
	EndGlobalSection
	GlobalSection(ExtensibilityGlobals) = postSolution
		SolutionGuid = {B85DA634-4E02-479E-BF6A-D7BCC6CA595D}
	EndGlobalSection
EndGlobal
